{
  "version": 4,
  "terraform_version": "1.1.9",
  "serial": 35,
  "lineage": "b020e5e0-7c83-5c0a-4acf-1a21d40d5408",
  "outputs": {},
  "resources": [
    {
      "mode": "managed",
      "type": "openstack_compute_floatingip_associate_v2",
      "name": "floating_ip",
      "provider": "provider[\"registry.terraform.io/terraform-provider-openstack/openstack\"]",
      "instances": [
        {
          "schema_version": 0,
          "attributes": {
            "fixed_ip": "",
            "floating_ip": "10.72.99.55",
            "id": "10.72.99.55/bd68810d-d007-4c7c-8df4-e94e19f66831/",
            "instance_id": "bd68810d-d007-4c7c-8df4-e94e19f66831",
            "region": "RegionOne",
            "timeouts": null,
            "wait_until_associated": null
          },
          "sensitive_attributes": [],
          "private": "eyJlMmJmYjczMC1lY2FhLTExZTYtOGY4OC0zNDM2M2JjN2M0YzAiOnsiY3JlYXRlIjo2MDAwMDAwMDAwMDB9fQ==",
          "dependencies": [
            "openstack_compute_instance_v2.instance",
            "openstack_compute_secgroup_v2.security_group",
            "openstack_networking_floatingip_v2.floating_ip"
          ]
        }
      ]
    },
    {
      "mode": "managed",
      "type": "openstack_compute_instance_v2",
      "name": "instance",
      "provider": "provider[\"registry.terraform.io/terraform-provider-openstack/openstack\"]",
      "instances": [
        {
          "schema_version": 0,
          "attributes": {
            "access_ip_v4": "192.168.0.11",
            "access_ip_v6": "",
            "admin_pass": null,
            "all_metadata": {},
            "all_tags": [],
            "availability_zone": "nova",
            "availability_zone_hints": null,
            "block_device": [],
            "config_drive": null,
            "flavor_id": "8143ab3a-a58d-4cb2-b1c8-745ab15e691a",
            "flavor_name": "m1.xlarge",
            "floating_ip": null,
            "force_delete": false,
            "id": "bd68810d-d007-4c7c-8df4-e94e19f66831",
            "image_id": "bb55b9db-809c-457c-b45e-647a68132d61",
            "image_name": "Rocky Linux 9 20220830",
            "key_pair": "debianMain",
            "metadata": null,
            "name": "paintingServiceDeployment",
            "network": [
              {
                "access_network": false,
                "fixed_ip_v4": "192.168.0.11",
                "fixed_ip_v6": "",
                "floating_ip": "",
                "mac": "fa:16:3e:30:a4:3b",
                "name": "paintingNetwork",
                "port": "",
                "uuid": "56ba7113-2bdd-4ae4-bdb4-345e4cbca7a7"
              }
            ],
            "network_mode": null,
            "personality": [],
            "power_state": "active",
            "region": "RegionOne",
            "scheduler_hints": [],
            "security_groups": [
              "paintingService"
            ],
            "stop_before_destroy": false,
            "tags": null,
            "timeouts": null,
            "user_data": "43f81dfcd803972bb8e85bea1a19ce988a343554",
            "vendor_options": [],
            "volume": []
          },
          "sensitive_attributes": [],
          "private": "eyJlMmJmYjczMC1lY2FhLTExZTYtOGY4OC0zNDM2M2JjN2M0YzAiOnsiY3JlYXRlIjoxODAwMDAwMDAwMDAwLCJkZWxldGUiOjE4MDAwMDAwMDAwMDAsInVwZGF0ZSI6MTgwMDAwMDAwMDAwMH19",
          "dependencies": [
            "openstack_compute_secgroup_v2.security_group"
          ]
        }
      ]
    },
    {
      "mode": "managed",
      "type": "openstack_compute_secgroup_v2",
      "name": "security_group",
      "provider": "provider[\"registry.terraform.io/terraform-provider-openstack/openstack\"]",
      "instances": [
        {
          "schema_version": 0,
          "attributes": {
            "description": "paintingService",
            "id": "fcfb45fe-ac00-4032-b831-515004fa1aa1",
            "name": "paintingService",
            "region": "RegionOne",
            "rule": [
              {
                "cidr": "0.0.0.0/0",
                "from_group_id": "",
                "from_port": 22,
                "id": "24d012ab-4208-453b-9e27-98f013e55446",
                "ip_protocol": "tcp",
                "self": false,
                "to_port": 22
              },
              {
                "cidr": "0.0.0.0/0",
                "from_group_id": "",
                "from_port": 27017,
                "id": "09904854-32a8-44c4-8185-5a3f44bdf2e7",
                "ip_protocol": "tcp",
                "self": false,
                "to_port": 27017
              },
              {
                "cidr": "0.0.0.0/0",
                "from_group_id": "",
                "from_port": 3306,
                "id": "97fdde37-c304-4010-9511-16e7652f3d3f",
                "ip_protocol": "tcp",
                "self": false,
                "to_port": 3306
              },
              {
                "cidr": "0.0.0.0/0",
                "from_group_id": "",
                "from_port": 8050,
                "id": "72c850dd-9e91-44bb-88af-b5dcbbe67189",
                "ip_protocol": "tcp",
                "self": false,
                "to_port": 8090
              },
              {
                "cidr": "0.0.0.0/0",
                "from_group_id": "",
                "from_port": 80,
                "id": "e3e60ce6-02f2-4808-b7df-cf3cc9a7383e",
                "ip_protocol": "tcp",
                "self": false,
                "to_port": 80
              }
            ],
            "timeouts": null
          },
          "sensitive_attributes": [],
          "private": "eyJlMmJmYjczMC1lY2FhLTExZTYtOGY4OC0zNDM2M2JjN2M0YzAiOnsiZGVsZXRlIjo2MDAwMDAwMDAwMDB9fQ=="
        }
      ]
    },
    {
      "mode": "managed",
      "type": "openstack_networking_floatingip_v2",
      "name": "floating_ip",
      "provider": "provider[\"registry.terraform.io/terraform-provider-openstack/openstack\"]",
      "instances": [
        {
          "schema_version": 0,
          "attributes": {
            "address": "10.72.99.55",
            "all_tags": [],
            "description": "",
            "dns_domain": "",
            "dns_name": "",
            "fixed_ip": "",
            "id": "4bb84b60-5ea3-4012-90c0-2fe03596dd2f",
            "pool": "cscloud_private_floating",
            "port_id": "",
            "region": "RegionOne",
            "subnet_id": null,
            "tags": [],
            "tenant_id": "46713cf23fef478baa28f0f54c444b8e",
            "timeouts": null,
            "value_specs": null
          },
          "sensitive_attributes": [],
          "private": "eyJlMmJmYjczMC1lY2FhLTExZTYtOGY4OC0zNDM2M2JjN2M0YzAiOnsiY3JlYXRlIjo2MDAwMDAwMDAwMDAsImRlbGV0ZSI6NjAwMDAwMDAwMDAwfX0="
        }
      ]
    }
  ]
}
