{
  "version": 4,
  "terraform_version": "1.1.9",
  "serial": 31,
  "lineage": "f1d8e1c8-8c5f-f35a-4a9f-65dcbf4bf781",
  "outputs": {},
  "resources": [
    {
      "mode": "managed",
      "type": "openstack_compute_floatingip_associate_v2",
      "name": "floating_ip",
      "provider": "provider[\"registry.terraform.io/terraform-provider-openstack/openstack\"]",
      "instances": [
        {
          "schema_version": 0,
          "attributes": {
            "fixed_ip": "",
            "floating_ip": "10.72.96.57",
            "id": "10.72.96.57/83dfdac2-dd09-4efe-8e42-ccf9e1436e4a/",
            "instance_id": "83dfdac2-dd09-4efe-8e42-ccf9e1436e4a",
            "region": "RegionOne",
            "timeouts": null,
            "wait_until_associated": null
          },
          "sensitive_attributes": [],
          "private": "eyJlMmJmYjczMC1lY2FhLTExZTYtOGY4OC0zNDM2M2JjN2M0YzAiOnsiY3JlYXRlIjo2MDAwMDAwMDAwMDB9fQ==",
          "dependencies": [
            "openstack_compute_instance_v2.instance",
            "openstack_compute_secgroup_v2.security_group",
            "openstack_networking_floatingip_v2.floating_ip"
          ]
        }
      ]
    },
    {
      "mode": "managed",
      "type": "openstack_compute_instance_v2",
      "name": "instance",
      "provider": "provider[\"registry.terraform.io/terraform-provider-openstack/openstack\"]",
      "instances": [
        {
          "schema_version": 0,
          "attributes": {
            "access_ip_v4": "192.168.0.38",
            "access_ip_v6": "",
            "admin_pass": null,
            "all_metadata": {},
            "all_tags": [],
            "availability_zone": "nova",
            "availability_zone_hints": null,
            "block_device": [],
            "config_drive": null,
            "flavor_id": "8143ab3a-a58d-4cb2-b1c8-745ab15e691a",
            "flavor_name": "m1.xlarge",
            "floating_ip": null,
            "force_delete": false,
            "id": "83dfdac2-dd09-4efe-8e42-ccf9e1436e4a",
            "image_id": "bb55b9db-809c-457c-b45e-647a68132d61",
            "image_name": "Rocky Linux 9 20220830",
            "key_pair": "1711278key",
            "metadata": null,
            "name": "mongoServer",
            "network": [
              {
                "access_network": false,
                "fixed_ip_v4": "192.168.0.38",
                "fixed_ip_v6": "",
                "floating_ip": "",
                "mac": "fa:16:3e:16:29:df",
                "name": "mongoNetwork",
                "port": "",
                "uuid": "56ba7113-2bdd-4ae4-bdb4-345e4cbca7a7"
              }
            ],
            "network_mode": null,
            "personality": [],
            "power_state": "active",
            "region": "RegionOne",
            "scheduler_hints": [],
            "security_groups": [
              "mongoSecurity"
            ],
            "stop_before_destroy": false,
            "tags": null,
            "timeouts": null,
            "user_data": "2796a5964d7e3add1727888cd009d75366b799c0",
            "vendor_options": [],
            "volume": []
          },
          "sensitive_attributes": [],
          "private": "eyJlMmJmYjczMC1lY2FhLTExZTYtOGY4OC0zNDM2M2JjN2M0YzAiOnsiY3JlYXRlIjoxODAwMDAwMDAwMDAwLCJkZWxldGUiOjE4MDAwMDAwMDAwMDAsInVwZGF0ZSI6MTgwMDAwMDAwMDAwMH19",
          "dependencies": [
            "openstack_compute_secgroup_v2.security_group"
          ]
        }
      ]
    },
    {
      "mode": "managed",
      "type": "openstack_compute_secgroup_v2",
      "name": "security_group",
      "provider": "provider[\"registry.terraform.io/terraform-provider-openstack/openstack\"]",
      "instances": [
        {
          "schema_version": 0,
          "attributes": {
            "description": "mongoSecurity",
            "id": "86f03896-4f6f-4cc5-9abb-d71bc0de21d3",
            "name": "mongoSecurity",
            "region": "RegionOne",
            "rule": [
              {
                "cidr": "0.0.0.0/0",
                "from_group_id": "",
                "from_port": 22,
                "id": "87e35022-2492-4da4-bab1-ea69da1802e2",
                "ip_protocol": "tcp",
                "self": false,
                "to_port": 22
              },
              {
                "cidr": "0.0.0.0/0",
                "from_group_id": "",
                "from_port": 3306,
                "id": "60059174-5b6a-4a4f-a765-6c8d825a327e",
                "ip_protocol": "tcp",
                "self": false,
                "to_port": 3306
              },
              {
                "cidr": "0.0.0.0/0",
                "from_group_id": "",
                "from_port": 8080,
                "id": "fa8eb70c-441f-4629-95bf-44c75b936203",
                "ip_protocol": "tcp",
                "self": false,
                "to_port": 8080
              },
              {
                "cidr": "0.0.0.0/0",
                "from_group_id": "",
                "from_port": 8081,
                "id": "1e839caf-b807-4222-94d3-3e0f787ead64",
                "ip_protocol": "tcp",
                "self": false,
                "to_port": 8081
              }
            ],
            "timeouts": null
          },
          "sensitive_attributes": [],
          "private": "eyJlMmJmYjczMC1lY2FhLTExZTYtOGY4OC0zNDM2M2JjN2M0YzAiOnsiZGVsZXRlIjo2MDAwMDAwMDAwMDB9fQ=="
        }
      ]
    },
    {
      "mode": "managed",
      "type": "openstack_networking_floatingip_v2",
      "name": "floating_ip",
      "provider": "provider[\"registry.terraform.io/terraform-provider-openstack/openstack\"]",
      "instances": [
        {
          "schema_version": 0,
          "attributes": {
            "address": "10.72.96.57",
            "all_tags": [],
            "description": "",
            "dns_domain": "",
            "dns_name": "",
            "fixed_ip": "",
            "id": "52101500-11df-4aea-bb76-3dac82290520",
            "pool": "cscloud_private_floating",
            "port_id": "",
            "region": "RegionOne",
            "subnet_id": null,
            "tags": null,
            "tenant_id": "46713cf23fef478baa28f0f54c444b8e",
            "timeouts": null,
            "value_specs": null
          },
          "sensitive_attributes": [],
          "private": "eyJlMmJmYjczMC1lY2FhLTExZTYtOGY4OC0zNDM2M2JjN2M0YzAiOnsiY3JlYXRlIjo2MDAwMDAwMDAwMDAsImRlbGV0ZSI6NjAwMDAwMDAwMDAwfX0="
        }
      ]
    }
  ]
}
